
Microsoft Visual Studio Solution File, Format Version 12.00
# Visual Studio Version 18
VisualStudioVersion = 18.1.11304.174 d18.0
MinimumVisualStudioVersion = 10.0.40219.1
Project("{FAE04EC0-301F-11D3-BF4B-00C04F79EFBC}") = "EventCheckInDashboard", "EventCheckInDashboard\EventCheckInDashboard.csproj", "{E7702901-5DD7-466C-A792-E19A0EBBB0EC}"
EndProject
Global
	GlobalSection(SolutionConfigurationPlatforms) = preSolution
		Debug|Any CPU = Debug|Any CPU
		Release|Any CPU = Release|Any CPU
	EndGlobalSection
	GlobalSection(ProjectConfigurationPlatforms) = postSolution
		{E7702901-5DD7-466C-A792-E19A0EBBB0EC}.Debug|Any CPU.ActiveCfg = Debug|Any CPU
		{E7702901-5DD7-466C-A792-E19A0EBBB0EC}.Debug|Any CPU.Build.0 = Debug|Any CPU
		{E7702901-5DD7-466C-A792-E19A0EBBB0EC}.Release|Any CPU.ActiveCfg = Release|Any CPU
		{E7702901-5DD7-466C-A792-E19A0EBBB0EC}.Release|Any CPU.Build.0 = Release|Any CPU
	EndGlobalSection
	GlobalSection(SolutionProperties) = preSolution
		HideSolutionNode = FALSE
	EndGlobalSection
	GlobalSection(ExtensibilityGlobals) = postSolution
		SolutionGuid = {28B85322-60E6-4C1B-BC76-C3B48B371A20}
	EndGlobalSection
EndGlobal
